// !$*UTF8*$!
{
	archiveVersion = 1;
	classes = {
	};
	objectVersion = 46;
	objects = {

/* Begin PBXBuildFile section */
		D84D99741B7F31E5007BBCCD /* main.m in Sources */ = {isa = PBXBuildFile; fileRef = D84D99731B7F31E5007BBCCD /* main.m */; };
		D84D99771B7F31E5007BBCCD /* AppDelegate.m in Sources */ = {isa = PBXBuildFile; fileRef = D84D99761B7F31E5007BBCCD /* AppDelegate.m */; };
		D84D997A1B7F31E5007BBCCD /* ViewController.m in Sources */ = {isa = PBXBuildFile; fileRef = D84D99791B7F31E5007BBCCD /* ViewController.m */; };
		D84D997D1B7F31E5007BBCCD /* Main.storyboard in Resources */ = {isa = PBXBuildFile; fileRef = D84D997B1B7F31E5007BBCCD /* Main.storyboard */; };
		D84D997F1B7F31E5007BBCCD /* Images.xcassets in Resources */ = {isa = PBXBuildFile; fileRef = D84D997E1B7F31E5007BBCCD /* Images.xcassets */; };
		D84D99821B7F31E5007BBCCD /* LaunchScreen.xib in Resources */ = {isa = PBXBuildFile; fileRef = D84D99801B7F31E5007BBCCD /* LaunchScreen.xib */; };
		D84D998E1B7F31E5007BBCCD /* IosProgramexerciseTests.m in Sources */ = {isa = PBXBuildFile; fileRef = D84D998D1B7F31E5007BBCCD /* IosProgramexerciseTests.m */; };
		D8869F4C1B949BD3008FD788 /* XJAlbum.m in Sources */ = {isa = PBXBuildFile; fileRef = D8869F4B1B949BD3008FD788 /* XJAlbum.m */; };
		D8869F6E1B94A3F6008FD788 /* LICENSE in Resources */ = {isa = PBXBuildFile; fileRef = D8869F4E1B94A3F6008FD788 /* LICENSE */; };
		D8869F6F1B94A3F6008FD788 /* README.md in Sources */ = {isa = PBXBuildFile; fileRef = D8869F4F1B94A3F6008FD788 /* README.md */; };
		D8869F701B94A3F6008FD788 /* NSData+ImageContentType.m in Sources */ = {isa = PBXBuildFile; fileRef = D8869F521B94A3F6008FD788 /* NSData+ImageContentType.m */; };
		D8869F711B94A3F6008FD788 /* SDImageCache.m in Sources */ = {isa = PBXBuildFile; fileRef = D8869F541B94A3F6008FD788 /* SDImageCache.m */; };
		D8869F721B94A3F6008FD788 /* SDWebImageCompat.m in Sources */ = {isa = PBXBuildFile; fileRef = D8869F561B94A3F6008FD788 /* SDWebImageCompat.m */; };
		D8869F731B94A3F6008FD788 /* SDWebImageDecoder.m in Sources */ = {isa = PBXBuildFile; fileRef = D8869F581B94A3F6008FD788 /* SDWebImageDecoder.m */; };
		D8869F741B94A3F6008FD788 /* SDWebImageDownloader.m in Sources */ = {isa = PBXBuildFile; fileRef = D8869F5A1B94A3F6008FD788 /* SDWebImageDownloader.m */; };
		D8869F751B94A3F6008FD788 /* SDWebImageDownloaderOperation.m in Sources */ = {isa = PBXBuildFile; fileRef = D8869F5C1B94A3F6008FD788 /* SDWebImageDownloaderOperation.m */; };
		D8869F761B94A3F6008FD788 /* SDWebImageManager.m in Sources */ = {isa = PBXBuildFile; fileRef = D8869F5E1B94A3F6008FD788 /* SDWebImageManager.m */; };
		D8869F771B94A3F6008FD788 /* SDWebImagePrefetcher.m in Sources */ = {isa = PBXBuildFile; fileRef = D8869F611B94A3F6008FD788 /* SDWebImagePrefetcher.m */; };
		D8869F781B94A3F6008FD788 /* UIButton+WebCache.m in Sources */ = {isa = PBXBuildFile; fileRef = D8869F631B94A3F6008FD788 /* UIButton+WebCache.m */; };
		D8869F791B94A3F6008FD788 /* UIImage+GIF.m in Sources */ = {isa = PBXBuildFile; fileRef = D8869F651B94A3F6008FD788 /* UIImage+GIF.m */; };
		D8869F7A1B94A3F6008FD788 /* UIImage+MultiFormat.m in Sources */ = {isa = PBXBuildFile; fileRef = D8869F671B94A3F6008FD788 /* UIImage+MultiFormat.m */; };
		D8869F7B1B94A3F6008FD788 /* UIImageView+HighlightedWebCache.m in Sources */ = {isa = PBXBuildFile; fileRef = D8869F691B94A3F6008FD788 /* UIImageView+HighlightedWebCache.m */; };
		D8869F7C1B94A3F6008FD788 /* UIImageView+WebCache.m in Sources */ = {isa = PBXBuildFile; fileRef = D8869F6B1B94A3F6008FD788 /* UIImageView+WebCache.m */; };
		D8869F7D1B94A3F6008FD788 /* UIView+WebCacheOperation.m in Sources */ = {isa = PBXBuildFile; fileRef = D8869F6D1B94A3F6008FD788 /* UIView+WebCacheOperation.m */; };
		D8F8D3BA1B9202A4001D655E /* XJImage.m in Sources */ = {isa = PBXBuildFile; fileRef = D8F8D3B91B9202A4001D655E /* XJImage.m */; };
/* End PBXBuildFile section */

/* Begin PBXContainerItemProxy section */
		D84D99881B7F31E5007BBCCD /* PBXContainerItemProxy */ = {
			isa = PBXContainerItemProxy;
			containerPortal = D84D99661B7F31E5007BBCCD /* Project object */;
			proxyType = 1;
			remoteGlobalIDString = D84D996D1B7F31E5007BBCCD;
			remoteInfo = IosProgramexercise;
		};
/* End PBXContainerItemProxy section */

/* Begin PBXFileReference section */
		D84D996E1B7F31E5007BBCCD /* XJAlbum.app */ = {isa = PBXFileReference; explicitFileType = wrapper.application; includeInIndex = 0; path = XJAlbum.app; sourceTree = BUILT_PRODUCTS_DIR; };
		D84D99721B7F31E5007BBCCD /* Info.plist */ = {isa = PBXFileReference; lastKnownFileType = text.plist.xml; path = Info.plist; sourceTree = "<group>"; };
		D84D99731B7F31E5007BBCCD /* main.m */ = {isa = PBXFileReference; lastKnownFileType = sourcecode.c.objc; path = main.m; sourceTree = "<group>"; };
		D84D99751B7F31E5007BBCCD /* AppDelegate.h */ = {isa = PBXFileReference; lastKnownFileType = sourcecode.c.h; path = AppDelegate.h; sourceTree = "<group>"; };
		D84D99761B7F31E5007BBCCD /* AppDelegate.m */ = {isa = PBXFileReference; lastKnownFileType = sourcecode.c.objc; path = AppDelegate.m; sourceTree = "<group>"; };
		D84D99781B7F31E5007BBCCD /* ViewController.h */ = {isa = PBXFileReference; lastKnownFileType = sourcecode.c.h; path = ViewController.h; sourceTree = "<group>"; };
		D84D99791B7F31E5007BBCCD /* ViewController.m */ = {isa = PBXFileReference; lastKnownFileType = sourcecode.c.objc; path = ViewController.m; sourceTree = "<group>"; };
		D84D997C1B7F31E5007BBCCD /* Base */ = {isa = PBXFileReference; lastKnownFileType = file.storyboard; name = Base; path = Base.lproj/Main.storyboard; sourceTree = "<group>"; };
		D84D997E1B7F31E5007BBCCD /* Images.xcassets */ = {isa = PBXFileReference; lastKnownFileType = folder.assetcatalog; path = Images.xcassets; sourceTree = "<group>"; };
		D84D99811B7F31E5007BBCCD /* Base */ = {isa = PBXFileReference; lastKnownFileType = file.xib; name = Base; path = Base.lproj/LaunchScreen.xib; sourceTree = "<group>"; };
		D84D99871B7F31E5007BBCCD /* XJAlbum.xctest */ = {isa = PBXFileReference; explicitFileType = wrapper.cfbundle; includeInIndex = 0; path = XJAlbum.xctest; sourceTree = BUILT_PRODUCTS_DIR; };
		D84D998C1B7F31E5007BBCCD /* Info.plist */ = {isa = PBXFileReference; lastKnownFileType = text.plist.xml; path = Info.plist; sourceTree = "<group>"; };
		D84D998D1B7F31E5007BBCCD /* IosProgramexerciseTests.m */ = {isa = PBXFileReference; lastKnownFileType = sourcecode.c.objc; path = IosProgramexerciseTests.m; sourceTree = "<group>"; };
		D8869F4A1B949BD3008FD788 /* XJAlbum.h */ = {isa = PBXFileReference; fileEncoding = 4; lastKnownFileType = sourcecode.c.h; path = XJAlbum.h; sourceTree = "<group>"; };
		D8869F4B1B949BD3008FD788 /* XJAlbum.m */ = {isa = PBXFileReference; fileEncoding = 4; lastKnownFileType = sourcecode.c.objc; path = XJAlbum.m; sourceTree = "<group>"; };
		D8869F4E1B94A3F6008FD788 /* LICENSE */ = {isa = PBXFileReference; fileEncoding = 4; lastKnownFileType = text; path = LICENSE; sourceTree = "<group>"; };
		D8869F4F1B94A3F6008FD788 /* README.md */ = {isa = PBXFileReference; fileEncoding = 4; lastKnownFileType = net.daringfireball.markdown; path = README.md; sourceTree = "<group>"; };
		D8869F511B94A3F6008FD788 /* NSData+ImageContentType.h */ = {isa = PBXFileReference; fileEncoding = 4; lastKnownFileType = sourcecode.c.h; path = "NSData+ImageContentType.h"; sourceTree = "<group>"; };
		D8869F521B94A3F6008FD788 /* NSData+ImageContentType.m */ = {isa = PBXFileReference; fileEncoding = 4; lastKnownFileType = sourcecode.c.objc; path = "NSData+ImageContentType.m"; sourceTree = "<group>"; };
		D8869F531B94A3F6008FD788 /* SDImageCache.h */ = {isa = PBXFileReference; fileEncoding = 4; lastKnownFileType = sourcecode.c.h; path = SDImageCache.h; sourceTree = "<group>"; };
		D8869F541B94A3F6008FD788 /* SDImageCache.m */ = {isa = PBXFileReference; fileEncoding = 4; lastKnownFileType = sourcecode.c.objc; path = SDImageCache.m; sourceTree = "<group>"; };
		D8869F551B94A3F6008FD788 /* SDWebImageCompat.h */ = {isa = PBXFileReference; fileEncoding = 4; lastKnownFileType = sourcecode.c.h; path = SDWebImageCompat.h; sourceTree = "<group>"; };
		D8869F561B94A3F6008FD788 /* SDWebImageCompat.m */ = {isa = PBXFileReference; fileEncoding = 4; lastKnownFileType = sourcecode.c.objc; path = SDWebImageCompat.m; sourceTree = "<group>"; };
		D8869F571B94A3F6008FD788 /* SDWebImageDecoder.h */ = {isa = PBXFileReference; fileEncoding = 4; lastKnownFileType = sourcecode.c.h; path = SDWebImageDecoder.h; sourceTree = "<group>"; };
		D8869F581B94A3F6008FD788 /* SDWebImageDecoder.m */ = {isa = PBXFileReference; fileEncoding = 4; lastKnownFileType = sourcecode.c.objc; path = SDWebImageDecoder.m; sourceTree = "<group>"; };
		D8869F591B94A3F6008FD788 /* SDWebImageDownloader.h */ = {isa = PBXFileReference; fileEncoding = 4; lastKnownFileType = sourcecode.c.h; path = SDWebImageDownloader.h; sourceTree = "<group>"; };
		D8869F5A1B94A3F6008FD788 /* SDWebImageDownloader.m */ = {isa = PBXFileReference; fileEncoding = 4; lastKnownFileType = sourcecode.c.objc; path = SDWebImageDownloader.m; sourceTree = "<group>"; };
		D8869F5B1B94A3F6008FD788 /* SDWebImageDownloaderOperation.h */ = {isa = PBXFileReference; fileEncoding = 4; lastKnownFileType = sourcecode.c.h; path = SDWebImageDownloaderOperation.h; sourceTree = "<group>"; };
		D8869F5C1B94A3F6008FD788 /* SDWebImageDownloaderOperation.m */ = {isa = PBXFileReference; fileEncoding = 4; lastKnownFileType = sourcecode.c.objc; path = SDWebImageDownloaderOperation.m; sourceTree = "<group>"; };
		D8869F5D1B94A3F6008FD788 /* SDWebImageManager.h */ = {isa = PBXFileReference; fileEncoding = 4; lastKnownFileType = sourcecode.c.h; path = SDWebImageManager.h; sourceTree = "<group>"; };
		D8869F5E1B94A3F6008FD788 /* SDWebImageManager.m */ = {isa = PBXFileReference; fileEncoding = 4; lastKnownFileType = sourcecode.c.objc; path = SDWebImageManager.m; sourceTree = "<group>"; };
		D8869F5F1B94A3F6008FD788 /* SDWebImageOperation.h */ = {isa = PBXFileReference; fileEncoding = 4; lastKnownFileType = sourcecode.c.h; path = SDWebImageOperation.h; sourceTree = "<group>"; };
		D8869F601B94A3F6008FD788 /* SDWebImagePrefetcher.h */ = {isa = PBXFileReference; fileEncoding = 4; lastKnownFileType = sourcecode.c.h; path = SDWebImagePrefetcher.h; sourceTree = "<group>"; };
		D8869F611B94A3F6008FD788 /* SDWebImagePrefetcher.m */ = {isa = PBXFileReference; fileEncoding = 4; lastKnownFileType = sourcecode.c.objc; path = SDWebImagePrefetcher.m; sourceTree = "<group>"; };
		D8869F621B94A3F6008FD788 /* UIButton+WebCache.h */ = {isa = PBXFileReference; fileEncoding = 4; lastKnownFileType = sourcecode.c.h; path = "UIButton+WebCache.h"; sourceTree = "<group>"; };
		D8869F631B94A3F6008FD788 /* UIButton+WebCache.m */ = {isa = PBXFileReference; fileEncoding = 4; lastKnownFileType = sourcecode.c.objc; path = "UIButton+WebCache.m"; sourceTree = "<group>"; };
		D8869F641B94A3F6008FD788 /* UIImage+GIF.h */ = {isa = PBXFileReference; fileEncoding = 4; lastKnownFileType = sourcecode.c.h; path = "UIImage+GIF.h"; sourceTree = "<group>"; };
		D8869F651B94A3F6008FD788 /* UIImage+GIF.m */ = {isa = PBXFileReference; fileEncoding = 4; lastKnownFileType = sourcecode.c.objc; path = "UIImage+GIF.m"; sourceTree = "<group>"; };
		D8869F661B94A3F6008FD788 /* UIImage+MultiFormat.h */ = {isa = PBXFileReference; fileEncoding = 4; lastKnownFileType = sourcecode.c.h; path = "UIImage+MultiFormat.h"; sourceTree = "<group>"; };
		D8869F671B94A3F6008FD788 /* UIImage+MultiFormat.m */ = {isa = PBXFileReference; fileEncoding = 4; lastKnownFileType = sourcecode.c.objc; path = "UIImage+MultiFormat.m"; sourceTree = "<group>"; };
		D8869F681B94A3F6008FD788 /* UIImageView+HighlightedWebCache.h */ = {isa = PBXFileReference; fileEncoding = 4; lastKnownFileType = sourcecode.c.h; path = "UIImageView+HighlightedWebCache.h"; sourceTree = "<group>"; };
		D8869F691B94A3F6008FD788 /* UIImageView+HighlightedWebCache.m */ = {isa = PBXFileReference; fileEncoding = 4; lastKnownFileType = sourcecode.c.objc; path = "UIImageView+HighlightedWebCache.m"; sourceTree = "<group>"; };
		D8869F6A1B94A3F6008FD788 /* UIImageView+WebCache.h */ = {isa = PBXFileReference; fileEncoding = 4; lastKnownFileType = sourcecode.c.h; path = "UIImageView+WebCache.h"; sourceTree = "<group>"; };
		D8869F6B1B94A3F6008FD788 /* UIImageView+WebCache.m */ = {isa = PBXFileReference; fileEncoding = 4; lastKnownFileType = sourcecode.c.objc; path = "UIImageView+WebCache.m"; sourceTree = "<group>"; };
		D8869F6C1B94A3F6008FD788 /* UIView+WebCacheOperation.h */ = {isa = PBXFileReference; fileEncoding = 4; lastKnownFileType = sourcecode.c.h; path = "UIView+WebCacheOperation.h"; sourceTree = "<group>"; };
		D8869F6D1B94A3F6008FD788 /* UIView+WebCacheOperation.m */ = {isa = PBXFileReference; fileEncoding = 4; lastKnownFileType = sourcecode.c.objc; path = "UIView+WebCacheOperation.m"; sourceTree = "<group>"; };
		D8F8D3B81B9202A4001D655E /* XJImage.h */ = {isa = PBXFileReference; fileEncoding = 4; lastKnownFileType = sourcecode.c.h; path = XJImage.h; sourceTree = "<group>"; };
		D8F8D3B91B9202A4001D655E /* XJImage.m */ = {isa = PBXFileReference; fileEncoding = 4; lastKnownFileType = sourcecode.c.objc; path = XJImage.m; sourceTree = "<group>"; };
/* End PBXFileReference section */

/* Begin PBXFrameworksBuildPhase section */
		D84D996B1B7F31E5007BBCCD /* Frameworks */ = {
			isa = PBXFrameworksBuildPhase;
			buildActionMask = 2147483647;
			files = (
			);
			runOnlyForDeploymentPostprocessing = 0;
		};
		D84D99841B7F31E5007BBCCD /* Frameworks */ = {
			isa = PBXFrameworksBuildPhase;
			buildActionMask = 2147483647;
			files = (
			);
			runOnlyForDeploymentPostprocessing = 0;
		};
/* End PBXFrameworksBuildPhase section */

/* Begin PBXGroup section */
		D813BDBA1B9861A60067B6E5 /* XJImage */ = {
			isa = PBXGroup;
			children = (
				D8869F4A1B949BD3008FD788 /* XJAlbum.h */,
				D8869F4B1B949BD3008FD788 /* XJAlbum.m */,
				D8F8D3B81B9202A4001D655E /* XJImage.h */,
				D8F8D3B91B9202A4001D655E /* XJImage.m */,
			);
			name = XJImage;
			sourceTree = "<group>";
		};
		D84D99651B7F31E5007BBCCD = {
			isa = PBXGroup;
			children = (
				D8F8D3AE1B91C371001D655E /* img */,
				D84D99701B7F31E5007BBCCD /* IosProgramexercise */,
				D8869F4D1B94A3F6008FD788 /* SDWebImage */,
				D84D998A1B7F31E5007BBCCD /* XJAlbumTests */,
				D84D996F1B7F31E5007BBCCD /* Products */,
			);
			sourceTree = "<group>";
		};
		D84D996F1B7F31E5007BBCCD /* Products */ = {
			isa = PBXGroup;
			children = (
				D84D996E1B7F31E5007BBCCD /* XJAlbum.app */,
				D84D99871B7F31E5007BBCCD /* XJAlbum.xctest */,
			);
			name = Products;
			sourceTree = "<group>";
		};
		D84D99701B7F31E5007BBCCD /* IosProgramexercise */ = {
			isa = PBXGroup;
			children = (
				D813BDBA1B9861A60067B6E5 /* XJImage */,
				D84D99711B7F31E5007BBCCD /* Supporting Files */,
			);
			path = IosProgramexercise;
			sourceTree = "<group>";
		};
		D84D99711B7F31E5007BBCCD /* Supporting Files */ = {
			isa = PBXGroup;
			children = (
				D84D997E1B7F31E5007BBCCD /* Images.xcassets */,
				D84D99801B7F31E5007BBCCD /* LaunchScreen.xib */,
				D84D997B1B7F31E5007BBCCD /* Main.storyboard */,
				D84D99751B7F31E5007BBCCD /* AppDelegate.h */,
				D84D99761B7F31E5007BBCCD /* AppDelegate.m */,
				D84D99781B7F31E5007BBCCD /* ViewController.h */,
				D84D99791B7F31E5007BBCCD /* ViewController.m */,
				D84D99721B7F31E5007BBCCD /* Info.plist */,
				D84D99731B7F31E5007BBCCD /* main.m */,
			);
			name = "Supporting Files";
			sourceTree = "<group>";
		};
		D84D998A1B7F31E5007BBCCD /* XJAlbumTests */ = {
			isa = PBXGroup;
			children = (
				D84D998D1B7F31E5007BBCCD /* IosProgramexerciseTests.m */,
				D84D998B1B7F31E5007BBCCD /* Supporting Files */,
			);
			name = XJAlbumTests;
			path = IosProgramexerciseTests;
			sourceTree = "<group>";
		};
		D84D998B1B7F31E5007BBCCD /* Supporting Files */ = {
			isa = PBXGroup;
			children = (
				D84D998C1B7F31E5007BBCCD /* Info.plist */,
			);
			name = "Supporting Files";
			sourceTree = "<group>";
		};
		D8869F4D1B94A3F6008FD788 /* SDWebImage */ = {
			isa = PBXGroup;
			children = (
				D8869F4E1B94A3F6008FD788 /* LICENSE */,
				D8869F4F1B94A3F6008FD788 /* README.md */,
				D8869F501B94A3F6008FD788 /* SDWebImage */,
			);
			path = SDWebImage;
			sourceTree = "<group>";
		};
		D8869F501B94A3F6008FD788 /* SDWebImage */ = {
			isa = PBXGroup;
			children = (
				D8869F511B94A3F6008FD788 /* NSData+ImageContentType.h */,
				D8869F521B94A3F6008FD788 /* NSData+ImageContentType.m */,
				D8869F531B94A3F6008FD788 /* SDImageCache.h */,
				D8869F541B94A3F6008FD788 /* SDImageCache.m */,
				D8869F551B94A3F6008FD788 /* SDWebImageCompat.h */,
				D8869F561B94A3F6008FD788 /* SDWebImageCompat.m */,
				D8869F571B94A3F6008FD788 /* SDWebImageDecoder.h */,
				D8869F581B94A3F6008FD788 /* SDWebImageDecoder.m */,
				D8869F591B94A3F6008FD788 /* SDWebImageDownloader.h */,
				D8869F5A1B94A3F6008FD788 /* SDWebImageDownloader.m */,
				D8869F5B1B94A3F6008FD788 /* SDWebImageDownloaderOperation.h */,
				D8869F5C1B94A3F6008FD788 /* SDWebImageDownloaderOperation.m */,
				D8869F5D1B94A3F6008FD788 /* SDWebImageManager.h */,
				D8869F5E1B94A3F6008FD788 /* SDWebImageManager.m */,
				D8869F5F1B94A3F6008FD788 /* SDWebImageOperation.h */,
				D8869F601B94A3F6008FD788 /* SDWebImagePrefetcher.h */,
				D8869F611B94A3F6008FD788 /* SDWebImagePrefetcher.m */,
				D8869F621B94A3F6008FD788 /* UIButton+WebCache.h */,
				D8869F631B94A3F6008FD788 /* UIButton+WebCache.m */,
				D8869F641B94A3F6008FD788 /* UIImage+GIF.h */,
				D8869F651B94A3F6008FD788 /* UIImage+GIF.m */,
				D8869F661B94A3F6008FD788 /* UIImage+MultiFormat.h */,
				D8869F671B94A3F6008FD788 /* UIImage+MultiFormat.m */,
				D8869F681B94A3F6008FD788 /* UIImageView+HighlightedWebCache.h */,
				D8869F691B94A3F6008FD788 /* UIImageView+HighlightedWebCache.m */,
				D8869F6A1B94A3F6008FD788 /* UIImageView+WebCache.h */,
				D8869F6B1B94A3F6008FD788 /* UIImageView+WebCache.m */,
				D8869F6C1B94A3F6008FD788 /* UIView+WebCacheOperation.h */,
				D8869F6D1B94A3F6008FD788 /* UIView+WebCacheOperation.m */,
			);
			path = SDWebImage;
			sourceTree = "<group>";
		};
		D8F8D3AE1B91C371001D655E /* img */ = {
			isa = PBXGroup;
			children = (
			);
			name = img;
			sourceTree = "<group>";
		};
/* End PBXGroup section */

/* Begin PBXNativeTarget section */
		D84D996D1B7F31E5007BBCCD /* XJAlbum */ = {
			isa = PBXNativeTarget;
			buildConfigurationList = D84D99911B7F31E5007BBCCD /* Build configuration list for PBXNativeTarget "XJAlbum" */;
			buildPhases = (
				D84D996A1B7F31E5007BBCCD /* Sources */,
				D84D996B1B7F31E5007BBCCD /* Frameworks */,
				D84D996C1B7F31E5007BBCCD /* Resources */,
			);
			buildRules = (
			);
			dependencies = (
			);
			name = XJAlbum;
			productName = IosProgramexercise;
			productReference = D84D996E1B7F31E5007BBCCD /* XJAlbum.app */;
			productType = "com.apple.product-type.application";
		};
		D84D99861B7F31E5007BBCCD /* XJAlbumTests */ = {
			isa = PBXNativeTarget;
			buildConfigurationList = D84D99941B7F31E5007BBCCD /* Build configuration list for PBXNativeTarget "XJAlbumTests" */;
			buildPhases = (
				D84D99831B7F31E5007BBCCD /* Sources */,
				D84D99841B7F31E5007BBCCD /* Frameworks */,
				D84D99851B7F31E5007BBCCD /* Resources */,
			);
			buildRules = (
			);
			dependencies = (
				D84D99891B7F31E5007BBCCD /* PBXTargetDependency */,
			);
			name = XJAlbumTests;
			productName = IosProgramexerciseTests;
			productReference = D84D99871B7F31E5007BBCCD /* XJAlbum.xctest */;
			productType = "com.apple.product-type.bundle.unit-test";
		};
/* End PBXNativeTarget section */

/* Begin PBXProject section */
		D84D99661B7F31E5007BBCCD /* Project object */ = {
			isa = PBXProject;
			attributes = {
				LastUpgradeCheck = 0640;
				ORGANIZATIONNAME = "万旭杰";
				TargetAttributes = {
					D84D996D1B7F31E5007BBCCD = {
						CreatedOnToolsVersion = 6.4;
					};
					D84D99861B7F31E5007BBCCD = {
						CreatedOnToolsVersion = 6.4;
						TestTargetID = D84D996D1B7F31E5007BBCCD;
					};
				};
			};
			buildConfigurationList = D84D99691B7F31E5007BBCCD /* Build configuration list for PBXProject "XJAlbum" */;
			compatibilityVersion = "Xcode 3.2";
			developmentRegion = English;
			hasScannedForEncodings = 0;
			knownRegions = (
				en,
				Base,
			);
			mainGroup = D84D99651B7F31E5007BBCCD;
			productRefGroup = D84D996F1B7F31E5007BBCCD /* Products */;
			projectDirPath = "";
			projectRoot = "";
			targets = (
				D84D996D1B7F31E5007BBCCD /* XJAlbum */,
				D84D99861B7F31E5007BBCCD /* XJAlbumTests */,
			);
		};
/* End PBXProject section */

/* Begin PBXResourcesBuildPhase section */
		D84D996C1B7F31E5007BBCCD /* Resources */ = {
			isa = PBXResourcesBuildPhase;
			buildActionMask = 2147483647;
			files = (
				D84D997D1B7F31E5007BBCCD /* Main.storyboard in Resources */,
				D84D99821B7F31E5007BBCCD /* LaunchScreen.xib in Resources */,
				D8869F6E1B94A3F6008FD788 /* LICENSE in Resources */,
				D84D997F1B7F31E5007BBCCD /* Images.xcassets in Resources */,
			);
			runOnlyForDeploymentPostprocessing = 0;
		};
		D84D99851B7F31E5007BBCCD /* Resources */ = {
			isa = PBXResourcesBuildPhase;
			buildActionMask = 2147483647;
			files = (
			);
			runOnlyForDeploymentPostprocessing = 0;
		};
/* End PBXResourcesBuildPhase section */

/* Begin PBXSourcesBuildPhase section */
		D84D996A1B7F31E5007BBCCD /* Sources */ = {
			isa = PBXSourcesBuildPhase;
			buildActionMask = 2147483647;
			files = (
				D8869F791B94A3F6008FD788 /* UIImage+GIF.m in Sources */,
				D8869F721B94A3F6008FD788 /* SDWebImageCompat.m in Sources */,
				D8869F781B94A3F6008FD788 /* UIButton+WebCache.m in Sources */,
				D8869F7A1B94A3F6008FD788 /* UIImage+MultiFormat.m in Sources */,
				D8869F7D1B94A3F6008FD788 /* UIView+WebCacheOperation.m in Sources */,
				D8869F771B94A3F6008FD788 /* SDWebImagePrefetcher.m in Sources */,
				D84D997A1B7F31E5007BBCCD /* ViewController.m in Sources */,
				D84D99771B7F31E5007BBCCD /* AppDelegate.m in Sources */,
				D8F8D3BA1B9202A4001D655E /* XJImage.m in Sources */,
				D8869F751B94A3F6008FD788 /* SDWebImageDownloaderOperation.m in Sources */,
				D8869F731B94A3F6008FD788 /* SDWebImageDecoder.m in Sources */,
				D8869F7C1B94A3F6008FD788 /* UIImageView+WebCache.m in Sources */,
				D8869F701B94A3F6008FD788 /* NSData+ImageContentType.m in Sources */,
				D8869F741B94A3F6008FD788 /* SDWebImageDownloader.m in Sources */,
				D84D99741B7F31E5007BBCCD /* main.m in Sources */,
				D8869F4C1B949BD3008FD788 /* XJAlbum.m in Sources */,
				D8869F6F1B94A3F6008FD788 /* README.md in Sources */,
				D8869F761B94A3F6008FD788 /* SDWebImageManager.m in Sources */,
				D8869F7B1B94A3F6008FD788 /* UIImageView+HighlightedWebCache.m in Sources */,
				D8869F711B94A3F6008FD788 /* SDImageCache.m in Sources */,
			);
			runOnlyForDeploymentPostprocessing = 0;
		};
		D84D99831B7F31E5007BBCCD /* Sources */ = {
			isa = PBXSourcesBuildPhase;
			buildActionMask = 2147483647;
			files = (
				D84D998E1B7F31E5007BBCCD /* IosProgramexerciseTests.m in Sources */,
			);
			runOnlyForDeploymentPostprocessing = 0;
		};
/* End PBXSourcesBuildPhase section */

/* Begin PBXTargetDependency section */
		D84D99891B7F31E5007BBCCD /* PBXTargetDependency */ = {
			isa = PBXTargetDependency;
			target = D84D996D1B7F31E5007BBCCD /* XJAlbum */;
			targetProxy = D84D99881B7F31E5007BBCCD /* PBXContainerItemProxy */;
		};
/* End PBXTargetDependency section */

/* Begin PBXVariantGroup section */
		D84D997B1B7F31E5007BBCCD /* Main.storyboard */ = {
			isa = PBXVariantGroup;
			children = (
				D84D997C1B7F31E5007BBCCD /* Base */,
			);
			name = Main.storyboard;
			sourceTree = "<group>";
		};
		D84D99801B7F31E5007BBCCD /* LaunchScreen.xib */ = {
			isa = PBXVariantGroup;
			children = (
				D84D99811B7F31E5007BBCCD /* Base */,
			);
			name = LaunchScreen.xib;
			sourceTree = "<group>";
		};
/* End PBXVariantGroup section */

/* Begin XCBuildConfiguration section */
		D84D998F1B7F31E5007BBCCD /* Debug */ = {
			isa = XCBuildConfiguration;
			buildSettings = {
				ALWAYS_SEARCH_USER_PATHS = NO;
				CLANG_CXX_LANGUAGE_STANDARD = "gnu++0x";
				CLANG_CXX_LIBRARY = "libc++";
				CLANG_ENABLE_MODULES = YES;
				CLANG_ENABLE_OBJC_ARC = YES;
				CLANG_WARN_BOOL_CONVERSION = YES;
				CLANG_WARN_CONSTANT_CONVERSION = YES;
				CLANG_WARN_DIRECT_OBJC_ISA_USAGE = YES_ERROR;
				CLANG_WARN_EMPTY_BODY = YES;
				CLANG_WARN_ENUM_CONVERSION = YES;
				CLANG_WARN_INT_CONVERSION = YES;
				CLANG_WARN_OBJC_ROOT_CLASS = YES_ERROR;
				CLANG_WARN_UNREACHABLE_CODE = YES;
				CLANG_WARN__DUPLICATE_METHOD_MATCH = YES;
				"CODE_SIGN_IDENTITY[sdk=iphoneos*]" = "iPhone Developer";
				COPY_PHASE_STRIP = NO;
				DEBUG_INFORMATION_FORMAT = "dwarf-with-dsym";
				ENABLE_STRICT_OBJC_MSGSEND = YES;
				GCC_C_LANGUAGE_STANDARD = gnu99;
				GCC_DYNAMIC_NO_PIC = NO;
				GCC_NO_COMMON_BLOCKS = YES;
				GCC_OPTIMIZATION_LEVEL = 0;
				GCC_PREPROCESSOR_DEFINITIONS = (
					"DEBUG=1",
					"$(inherited)",
				);
				GCC_SYMBOLS_PRIVATE_EXTERN = NO;
				GCC_WARN_64_TO_32_BIT_CONVERSION = YES;
				GCC_WARN_ABOUT_RETURN_TYPE = YES_ERROR;
				GCC_WARN_UNDECLARED_SELECTOR = YES;
				GCC_WARN_UNINITIALIZED_AUTOS = YES_AGGRESSIVE;
				GCC_WARN_UNUSED_FUNCTION = YES;
				GCC_WARN_UNUSED_VARIABLE = YES;
				IPHONEOS_DEPLOYMENT_TARGET = 8.4;
				MTL_ENABLE_DEBUG_INFO = YES;
				ONLY_ACTIVE_ARCH = YES;
				SDKROOT = iphoneos;
				TARGETED_DEVICE_FAMILY = "1,2";
			};
			name = Debug;
		};
		D84D99901B7F31E5007BBCCD /* Release */ = {
			isa = XCBuildConfiguration;
			buildSettings = {
				ALWAYS_SEARCH_USER_PATHS = NO;
				CLANG_CXX_LANGUAGE_STANDARD = "gnu++0x";
				CLANG_CXX_LIBRARY = "libc++";
				CLANG_ENABLE_MODULES = YES;
				CLANG_ENABLE_OBJC_ARC = YES;
				CLANG_WARN_BOOL_CONVERSION = YES;
				CLANG_WARN_CONSTANT_CONVERSION = YES;
				CLANG_WARN_DIRECT_OBJC_ISA_USAGE = YES_ERROR;
				CLANG_WARN_EMPTY_BODY = YES;
				CLANG_WARN_ENUM_CONVERSION = YES;
				CLANG_WARN_INT_CONVERSION = YES;
				CLANG_WARN_OBJC_ROOT_CLASS = YES_ERROR;
				CLANG_WARN_UNREACHABLE_CODE = YES;
				CLANG_WARN__DUPLICATE_METHOD_MATCH = YES;
				"CODE_SIGN_IDENTITY[sdk=iphoneos*]" = "iPhone Developer";
				COPY_PHASE_STRIP = NO;
				DEBUG_INFORMATION_FORMAT = "dwarf-with-dsym";
				ENABLE_NS_ASSERTIONS = NO;
				ENABLE_STRICT_OBJC_MSGSEND = YES;
				GCC_C_LANGUAGE_STANDARD = gnu99;
				GCC_NO_COMMON_BLOCKS = YES;
				GCC_WARN_64_TO_32_BIT_CONVERSION = YES;
				GCC_WARN_ABOUT_RETURN_TYPE = YES_ERROR;
				GCC_WARN_UNDECLARED_SELECTOR = YES;
				GCC_WARN_UNINITIALIZED_AUTOS = YES_AGGRESSIVE;
				GCC_WARN_UNUSED_FUNCTION = YES;
				GCC_WARN_UNUSED_VARIABLE = YES;
				IPHONEOS_DEPLOYMENT_TARGET = 8.4;
				MTL_ENABLE_DEBUG_INFO = NO;
				SDKROOT = iphoneos;
				TARGETED_DEVICE_FAMILY = "1,2";
				VALIDATE_PRODUCT = YES;
			};
			name = Release;
		};
		D84D99921B7F31E5007BBCCD /* Debug */ = {
			isa = XCBuildConfiguration;
			buildSettings = {
				ASSETCATALOG_COMPILER_APPICON_NAME = AppIcon;
				CODE_SIGN_IDENTITY = "iPhone Developer: Wei Feng Hou (76V5688MH4)";
				INFOPLIST_FILE = IosProgramexercise/Info.plist;
				IPHONEOS_DEPLOYMENT_TARGET = 7.0;
				LD_RUNPATH_SEARCH_PATHS = "$(inherited) @executable_path/Frameworks";
				PRODUCT_NAME = XJAlbum;
				PROVISIONING_PROFILE = "";
			};
			name = Debug;
		};
		D84D99931B7F31E5007BBCCD /* Release */ = {
			isa = XCBuildConfiguration;
			buildSettings = {
				ASSETCATALOG_COMPILER_APPICON_NAME = AppIcon;
				CODE_SIGN_IDENTITY = "iPhone Developer: Wei Feng Hou (76V5688MH4)";
				INFOPLIST_FILE = IosProgramexercise/Info.plist;
				IPHONEOS_DEPLOYMENT_TARGET = 7.0;
				LD_RUNPATH_SEARCH_PATHS = "$(inherited) @executable_path/Frameworks";
				PRODUCT_NAME = XJAlbum;
				PROVISIONING_PROFILE = "";
			};
			name = Release;
		};
		D84D99951B7F31E5007BBCCD /* Debug */ = {
			isa = XCBuildConfiguration;
			buildSettings = {
				BUNDLE_LOADER = "$(TEST_HOST)";
				CODE_SIGN_IDENTITY = "iPhone Developer: Wei Feng Hou (76V5688MH4)";
				FRAMEWORK_SEARCH_PATHS = (
					"$(SDKROOT)/Developer/Library/Frameworks",
					"$(inherited)",
				);
				GCC_PREPROCESSOR_DEFINITIONS = (
					"DEBUG=1",
					"$(inherited)",
				);
				INFOPLIST_FILE = IosProgramexerciseTests/Info.plist;
				LD_RUNPATH_SEARCH_PATHS = "$(inherited) @executable_path/Frameworks @loader_path/Frameworks";
				PRODUCT_NAME = XJAlbum;
				TEST_HOST = "$(BUILT_PRODUCTS_DIR)/XJAlbum.app/XJAlbum";
			};
			name = Debug;
		};
		D84D99961B7F31E5007BBCCD /* Release */ = {
			isa = XCBuildConfiguration;
			buildSettings = {
				BUNDLE_LOADER = "$(TEST_HOST)";
				CODE_SIGN_IDENTITY = "iPhone Developer: Wei Feng Hou (76V5688MH4)";
				FRAMEWORK_SEARCH_PATHS = (
					"$(SDKROOT)/Developer/Library/Frameworks",
					"$(inherited)",
				);
				INFOPLIST_FILE = IosProgramexerciseTests/Info.plist;
				LD_RUNPATH_SEARCH_PATHS = "$(inherited) @executable_path/Frameworks @loader_path/Frameworks";
				PRODUCT_NAME = XJAlbum;
				TEST_HOST = "$(BUILT_PRODUCTS_DIR)/XJAlbum.app/XJAlbum";
			};
			name = Release;
		};
/* End XCBuildConfiguration section */

/* Begin XCConfigurationList section */
		D84D99691B7F31E5007BBCCD /* Build configuration list for PBXProject "XJAlbum" */ = {
			isa = XCConfigurationList;
			buildConfigurations = (
				D84D998F1B7F31E5007BBCCD /* Debug */,
				D84D99901B7F31E5007BBCCD /* Release */,
			);
			defaultConfigurationIsVisible = 0;
			defaultConfigurationName = Release;
		};
		D84D99911B7F31E5007BBCCD /* Build configuration list for PBXNativeTarget "XJAlbum" */ = {
			isa = XCConfigurationList;
			buildConfigurations = (
				D84D99921B7F31E5007BBCCD /* Debug */,
				D84D99931B7F31E5007BBCCD /* Release */,
			);
			defaultConfigurationIsVisible = 0;
			defaultConfigurationName = Release;
		};
		D84D99941B7F31E5007BBCCD /* Build configuration list for PBXNativeTarget "XJAlbumTests" */ = {
			isa = XCConfigurationList;
			buildConfigurations = (
				D84D99951B7F31E5007BBCCD /* Debug */,
				D84D99961B7F31E5007BBCCD /* Release */,
			);
			defaultConfigurationIsVisible = 0;
			defaultConfigurationName = Release;
		};
/* End XCConfigurationList section */
	};
	rootObject = D84D99661B7F31E5007BBCCD /* Project object */;
}
